
Microsoft Visual Studio Solution File, Format Version 12.00
# Visual Studio Version 17
VisualStudioVersion = 17.4.33205.214
MinimumVisualStudioVersion = 10.0.40219.1
Project("{FAE04EC0-301F-11D3-BF4B-00C04F79EFBC}") = "SprettendeBall", "SprettendeBall.csproj", "{90B42CB7-3A2E-46F7-A53E-ABA14884F930}"
EndProject
Global
	GlobalSection(SolutionConfigurationPlatforms) = preSolution
		Debug|Any CPU = Debug|Any CPU
		Release|Any CPU = Release|Any CPU
	EndGlobalSection
	GlobalSection(ProjectConfigurationPlatforms) = postSolution
		{90B42CB7-3A2E-46F7-A53E-ABA14884F930}.Debug|Any CPU.ActiveCfg = Debug|Any CPU
		{90B42CB7-3A2E-46F7-A53E-ABA14884F930}.Debug|Any CPU.Build.0 = Debug|Any CPU
		{90B42CB7-3A2E-46F7-A53E-ABA14884F930}.Release|Any CPU.ActiveCfg = Release|Any CPU
		{90B42CB7-3A2E-46F7-A53E-ABA14884F930}.Release|Any CPU.Build.0 = Release|Any CPU
	EndGlobalSection
	GlobalSection(SolutionProperties) = preSolution
		HideSolutionNode = FALSE
	EndGlobalSection
	GlobalSection(ExtensibilityGlobals) = postSolution
		SolutionGuid = {F64E0E2D-B9A8-4580-9D71-58F12F9E24DD}
	EndGlobalSection
EndGlobal
